
Microsoft Visual Studio Solution File, Format Version 12.00
# Visual Studio Version 17
VisualStudioVersion = 17.13.35919.96
MinimumVisualStudioVersion = 10.0.40219.1
Project("{FAE04EC0-301F-11D3-BF4B-00C04F79EFBC}") = "GIT協作練習", "GIT協作練習\GIT協作練習.csproj", "{4AFFD2DF-E2F3-4FB9-A180-6CDA3E7EF70D}"
EndProject
Global
	GlobalSection(SolutionConfigurationPlatforms) = preSolution
		Debug|Any CPU = Debug|Any CPU
		Release|Any CPU = Release|Any CPU
	EndGlobalSection
	GlobalSection(ProjectConfigurationPlatforms) = postSolution
		{4AFFD2DF-E2F3-4FB9-A180-6CDA3E7EF70D}.Debug|Any CPU.ActiveCfg = Debug|Any CPU
		{4AFFD2DF-E2F3-4FB9-A180-6CDA3E7EF70D}.Debug|Any CPU.Build.0 = Debug|Any CPU
		{4AFFD2DF-E2F3-4FB9-A180-6CDA3E7EF70D}.Release|Any CPU.ActiveCfg = Release|Any CPU
		{4AFFD2DF-E2F3-4FB9-A180-6CDA3E7EF70D}.Release|Any CPU.Build.0 = Release|Any CPU
	EndGlobalSection
	GlobalSection(SolutionProperties) = preSolution
		HideSolutionNode = FALSE
	EndGlobalSection
	GlobalSection(ExtensibilityGlobals) = postSolution
		SolutionGuid = {E8CDC004-51E5-4EFF-AFFE-19FC3A0C9ACF}
	EndGlobalSection
EndGlobal
